# THIS IS AN AUTOGENERATED FILE. DO NOT EDIT THIS FILE DIRECTLY.
# yarn lockfile v1


binary-parser@^1.4.0:
  version "1.5.0"
  resolved "https://registry.yarnpkg.com/binary-parser/-/binary-parser-1.5.0.tgz#3e50de3a5076badbacd760e833e7d94892b9e9fa"

"w3gjs@https://github.com/iggyfisk/w3gjs#9e8bd3f":
  version "1.5.1"
  resolved "https://github.com/iggyfisk/w3gjs#9e8bd3f0a9287ff06a247b20007a22c0f29602de"
  dependencies:
    binary-parser "^1.4.0"
